// !$*UTF8*$!
{
	archiveVersion = 1;
	classes = {
	};
	objectVersion = 55;
	objects = {

/* Begin PBXBuildFile section */
		3709029627B2F54000213BDD /* Dictionary.json in Resources */ = {isa = PBXBuildFile; fileRef = 3709029527B2F54000213BDD /* Dictionary.json */; };
		371F496827ADA92F00686BC7 /* EmojiView.swift in Sources */ = {isa = PBXBuildFile; fileRef = 371F496727ADA92F00686BC7 /* EmojiView.swift */; };
		371F496A27ADCCD300686BC7 /* emoji.json in Resources */ = {isa = PBXBuildFile; fileRef = 371F496927ADCCD300686BC7 /* emoji.json */; };
		3720638627AACEC100964120 /* Gilroy-Medium.ttf in Resources */ = {isa = PBXBuildFile; fileRef = 3720638527AACEB600964120 /* Gilroy-Medium.ttf */; };
		3720638827AB2CAF00964120 /* Locales.swift in Sources */ = {isa = PBXBuildFile; fileRef = 3720638727AB2CAF00964120 /* Locales.swift */; };
		3743FC5527B1523A0043B2A2 /* KeyboardEnabledState.swift in Sources */ = {isa = PBXBuildFile; fileRef = 3743FC5427B1523A0043B2A2 /* KeyboardEnabledState.swift */; };
		3743FC5727B158AD0043B2A2 /* FavoriteEmoji.swift in Sources */ = {isa = PBXBuildFile; fileRef = 3743FC5627B158AD0043B2A2 /* FavoriteEmoji.swift */; };
		375DFB1727AE9E5E00E304ED /* Images.xcassets in Resources */ = {isa = PBXBuildFile; fileRef = 375DFB1627AE9E5E00E304ED /* Images.xcassets */; };
		37A0ACF327A8694100578290 /* Finale_KeyboardApp.swift in Sources */ = {isa = PBXBuildFile; fileRef = 37A0ACF227A8694100578290 /* Finale_KeyboardApp.swift */; };
		37A0ACF527A8694100578290 /* ContentView.swift in Sources */ = {isa = PBXBuildFile; fileRef = 37A0ACF427A8694100578290 /* ContentView.swift */; };
		37A0ACF727A8694200578290 /* Assets.xcassets in Resources */ = {isa = PBXBuildFile; fileRef = 37A0ACF627A8694200578290 /* Assets.xcassets */; };
		37A0ACFA27A8694200578290 /* Preview Assets.xcassets in Resources */ = {isa = PBXBuildFile; fileRef = 37A0ACF927A8694200578290 /* Preview Assets.xcassets */; };
		37A0AD0727A869BA00578290 /* KeyboardViewController.swift in Sources */ = {isa = PBXBuildFile; fileRef = 37A0AD0627A869BA00578290 /* KeyboardViewController.swift */; };
		37A0AD0B27A869BA00578290 /* Keyboard.appex in Embed App Extensions */ = {isa = PBXBuildFile; fileRef = 37A0AD0427A869BA00578290 /* Keyboard.appex */; settings = {ATTRIBUTES = (RemoveHeadersOnCopy, ); }; };
		37A0AD1327A88AAA00578290 /* UIExtensions.swift in Sources */ = {isa = PBXBuildFile; fileRef = 37A0AD1227A88AAA00578290 /* UIExtensions.swift */; };
		37B5B99A27A9751000601AB1 /* KeyboardButton.swift in Sources */ = {isa = PBXBuildFile; fileRef = 37B5B99927A9751000601AB1 /* KeyboardButton.swift */; };
/* End PBXBuildFile section */

/* Begin PBXContainerItemProxy section */
		37A0AD0927A869BA00578290 /* PBXContainerItemProxy */ = {
			isa = PBXContainerItemProxy;
			containerPortal = 37A0ACE727A8694100578290 /* Project object */;
			proxyType = 1;
			remoteGlobalIDString = 37A0AD0327A869BA00578290;
			remoteInfo = Keyboard;
		};
/* End PBXContainerItemProxy section */

/* Begin PBXCopyFilesBuildPhase section */
		37A0AD0F27A869BA00578290 /* Embed App Extensions */ = {
			isa = PBXCopyFilesBuildPhase;
			buildActionMask = 2147483647;
			dstPath = "";
			dstSubfolderSpec = 13;
			files = (
				37A0AD0B27A869BA00578290 /* Keyboard.appex in Embed App Extensions */,
			);
			name = "Embed App Extensions";
			runOnlyForDeploymentPostprocessing = 0;
		};
/* End PBXCopyFilesBuildPhase section */

/* Begin PBXFileReference section */
		3709029527B2F54000213BDD /* Dictionary.json */ = {isa = PBXFileReference; lastKnownFileType = text.json; path = Dictionary.json; sourceTree = "<group>"; };
		371F496727ADA92F00686BC7 /* EmojiView.swift */ = {isa = PBXFileReference; lastKnownFileType = sourcecode.swift; path = EmojiView.swift; sourceTree = "<group>"; };
		371F496927ADCCD300686BC7 /* emoji.json */ = {isa = PBXFileReference; fileEncoding = 4; lastKnownFileType = text.json; path = emoji.json; sourceTree = "<group>"; };
		3720638527AACEB600964120 /* Gilroy-Medium.ttf */ = {isa = PBXFileReference; lastKnownFileType = file; path = "Gilroy-Medium.ttf"; sourceTree = "<group>"; };
		3720638727AB2CAF00964120 /* Locales.swift */ = {isa = PBXFileReference; lastKnownFileType = sourcecode.swift; path = Locales.swift; sourceTree = "<group>"; };
		3743FC5427B1523A0043B2A2 /* KeyboardEnabledState.swift */ = {isa = PBXFileReference; lastKnownFileType = sourcecode.swift; path = KeyboardEnabledState.swift; sourceTree = "<group>"; };
		3743FC5627B158AD0043B2A2 /* FavoriteEmoji.swift */ = {isa = PBXFileReference; lastKnownFileType = sourcecode.swift; path = FavoriteEmoji.swift; sourceTree = "<group>"; };
		3743FC5827B168090043B2A2 /* Finale Keyboard.entitlements */ = {isa = PBXFileReference; lastKnownFileType = text.plist.entitlements; path = "Finale Keyboard.entitlements"; sourceTree = "<group>"; };
		3743FC5927B168230043B2A2 /* Keyboard.entitlements */ = {isa = PBXFileReference; lastKnownFileType = text.plist.entitlements; path = Keyboard.entitlements; sourceTree = "<group>"; };
		375DFB1627AE9E5E00E304ED /* Images.xcassets */ = {isa = PBXFileReference; lastKnownFileType = folder.assetcatalog; path = Images.xcassets; sourceTree = "<group>"; };
		37A0ACEF27A8694100578290 /* Finale Keyboard.app */ = {isa = PBXFileReference; explicitFileType = wrapper.application; includeInIndex = 0; path = "Finale Keyboard.app"; sourceTree = BUILT_PRODUCTS_DIR; };
		37A0ACF227A8694100578290 /* Finale_KeyboardApp.swift */ = {isa = PBXFileReference; lastKnownFileType = sourcecode.swift; path = Finale_KeyboardApp.swift; sourceTree = "<group>"; };
		37A0ACF427A8694100578290 /* ContentView.swift */ = {isa = PBXFileReference; lastKnownFileType = sourcecode.swift; path = ContentView.swift; sourceTree = "<group>"; };
		37A0ACF627A8694200578290 /* Assets.xcassets */ = {isa = PBXFileReference; lastKnownFileType = folder.assetcatalog; path = Assets.xcassets; sourceTree = "<group>"; };
		37A0ACF927A8694200578290 /* Preview Assets.xcassets */ = {isa = PBXFileReference; lastKnownFileType = folder.assetcatalog; path = "Preview Assets.xcassets"; sourceTree = "<group>"; };
		37A0AD0427A869BA00578290 /* Keyboard.appex */ = {isa = PBXFileReference; explicitFileType = "wrapper.app-extension"; includeInIndex = 0; path = Keyboard.appex; sourceTree = BUILT_PRODUCTS_DIR; };
		37A0AD0627A869BA00578290 /* KeyboardViewController.swift */ = {isa = PBXFileReference; lastKnownFileType = sourcecode.swift; path = KeyboardViewController.swift; sourceTree = "<group>"; };
		37A0AD0827A869BA00578290 /* Info.plist */ = {isa = PBXFileReference; lastKnownFileType = text.plist.xml; path = Info.plist; sourceTree = "<group>"; };
		37A0AD1227A88AAA00578290 /* UIExtensions.swift */ = {isa = PBXFileReference; lastKnownFileType = sourcecode.swift; path = UIExtensions.swift; sourceTree = "<group>"; };
		37B5B99927A9751000601AB1 /* KeyboardButton.swift */ = {isa = PBXFileReference; lastKnownFileType = sourcecode.swift; path = KeyboardButton.swift; sourceTree = "<group>"; };
/* End PBXFileReference section */

/* Begin PBXFrameworksBuildPhase section */
		37A0ACEC27A8694100578290 /* Frameworks */ = {
			isa = PBXFrameworksBuildPhase;
			buildActionMask = 2147483647;
			files = (
			);
			runOnlyForDeploymentPostprocessing = 0;
		};
		37A0AD0127A869BA00578290 /* Frameworks */ = {
			isa = PBXFrameworksBuildPhase;
			buildActionMask = 2147483647;
			files = (
			);
			runOnlyForDeploymentPostprocessing = 0;
		};
/* End PBXFrameworksBuildPhase section */

/* Begin PBXGroup section */
		37A0ACE627A8694100578290 = {
			isa = PBXGroup;
			children = (
				37A0ACF127A8694100578290 /* Finale Keyboard */,
				37A0AD0527A869BA00578290 /* Keyboard */,
				37A0ACF027A8694100578290 /* Products */,
			);
			sourceTree = "<group>";
		};
		37A0ACF027A8694100578290 /* Products */ = {
			isa = PBXGroup;
			children = (
				37A0ACEF27A8694100578290 /* Finale Keyboard.app */,
				37A0AD0427A869BA00578290 /* Keyboard.appex */,
			);
			name = Products;
			sourceTree = "<group>";
		};
		37A0ACF127A8694100578290 /* Finale Keyboard */ = {
			isa = PBXGroup;
			children = (
				3743FC5827B168090043B2A2 /* Finale Keyboard.entitlements */,
				37A0ACF227A8694100578290 /* Finale_KeyboardApp.swift */,
				37A0ACF427A8694100578290 /* ContentView.swift */,
				37A0ACF627A8694200578290 /* Assets.xcassets */,
				37A0ACF827A8694200578290 /* Preview Content */,
				3743FC5427B1523A0043B2A2 /* KeyboardEnabledState.swift */,
				3743FC5627B158AD0043B2A2 /* FavoriteEmoji.swift */,
			);
			path = "Finale Keyboard";
			sourceTree = "<group>";
		};
		37A0ACF827A8694200578290 /* Preview Content */ = {
			isa = PBXGroup;
			children = (
				37A0ACF927A8694200578290 /* Preview Assets.xcassets */,
			);
			path = "Preview Content";
			sourceTree = "<group>";
		};
		37A0AD0527A869BA00578290 /* Keyboard */ = {
			isa = PBXGroup;
			children = (
				3743FC5927B168230043B2A2 /* Keyboard.entitlements */,
				37A0AD0627A869BA00578290 /* KeyboardViewController.swift */,
				37A0AD0827A869BA00578290 /* Info.plist */,
				37A0AD1227A88AAA00578290 /* UIExtensions.swift */,
				37B5B99927A9751000601AB1 /* KeyboardButton.swift */,
				3720638527AACEB600964120 /* Gilroy-Medium.ttf */,
				3720638727AB2CAF00964120 /* Locales.swift */,
				371F496727ADA92F00686BC7 /* EmojiView.swift */,
				371F496927ADCCD300686BC7 /* emoji.json */,
				375DFB1627AE9E5E00E304ED /* Images.xcassets */,
				3709029527B2F54000213BDD /* Dictionary.json */,
			);
			path = Keyboard;
			sourceTree = "<group>";
		};
/* End PBXGroup section */

/* Begin PBXNativeTarget section */
		37A0ACEE27A8694100578290 /* Finale Keyboard */ = {
			isa = PBXNativeTarget;
			buildConfigurationList = 37A0ACFD27A8694200578290 /* Build configuration list for PBXNativeTarget "Finale Keyboard" */;
			buildPhases = (
				37A0ACEB27A8694100578290 /* Sources */,
				37A0ACEC27A8694100578290 /* Frameworks */,
				37A0ACED27A8694100578290 /* Resources */,
				37A0AD0F27A869BA00578290 /* Embed App Extensions */,
			);
			buildRules = (
			);
			dependencies = (
				37A0AD0A27A869BA00578290 /* PBXTargetDependency */,
			);
			name = "Finale Keyboard";
			productName = "Finale Keyboard";
			productReference = 37A0ACEF27A8694100578290 /* Finale Keyboard.app */;
			productType = "com.apple.product-type.application";
		};
		37A0AD0327A869BA00578290 /* Keyboard */ = {
			isa = PBXNativeTarget;
			buildConfigurationList = 37A0AD0C27A869BA00578290 /* Build configuration list for PBXNativeTarget "Keyboard" */;
			buildPhases = (
				37A0AD0027A869BA00578290 /* Sources */,
				37A0AD0127A869BA00578290 /* Frameworks */,
				37A0AD0227A869BA00578290 /* Resources */,
			);
			buildRules = (
			);
			dependencies = (
			);
			name = Keyboard;
			productName = Keyboard;
			productReference = 37A0AD0427A869BA00578290 /* Keyboard.appex */;
			productType = "com.apple.product-type.app-extension";
		};
/* End PBXNativeTarget section */

/* Begin PBXProject section */
		37A0ACE727A8694100578290 /* Project object */ = {
			isa = PBXProject;
			attributes = {
				BuildIndependentTargetsInParallel = 1;
				LastSwiftUpdateCheck = 1320;
				LastUpgradeCheck = 1320;
				TargetAttributes = {
					37A0ACEE27A8694100578290 = {
						CreatedOnToolsVersion = 13.2.1;
					};
					37A0AD0327A869BA00578290 = {
						CreatedOnToolsVersion = 13.2.1;
					};
				};
			};
			buildConfigurationList = 37A0ACEA27A8694100578290 /* Build configuration list for PBXProject "Finale Keyboard" */;
			compatibilityVersion = "Xcode 13.0";
			developmentRegion = en;
			hasScannedForEncodings = 0;
			knownRegions = (
				en,
				Base,
			);
			mainGroup = 37A0ACE627A8694100578290;
			productRefGroup = 37A0ACF027A8694100578290 /* Products */;
			projectDirPath = "";
			projectRoot = "";
			targets = (
				37A0ACEE27A8694100578290 /* Finale Keyboard */,
				37A0AD0327A869BA00578290 /* Keyboard */,
			);
		};
/* End PBXProject section */

/* Begin PBXResourcesBuildPhase section */
		37A0ACED27A8694100578290 /* Resources */ = {
			isa = PBXResourcesBuildPhase;
			buildActionMask = 2147483647;
			files = (
				37A0ACFA27A8694200578290 /* Preview Assets.xcassets in Resources */,
				37A0ACF727A8694200578290 /* Assets.xcassets in Resources */,
			);
			runOnlyForDeploymentPostprocessing = 0;
		};
		37A0AD0227A869BA00578290 /* Resources */ = {
			isa = PBXResourcesBuildPhase;
			buildActionMask = 2147483647;
			files = (
				375DFB1727AE9E5E00E304ED /* Images.xcassets in Resources */,
				3709029627B2F54000213BDD /* Dictionary.json in Resources */,
				371F496A27ADCCD300686BC7 /* emoji.json in Resources */,
				3720638627AACEC100964120 /* Gilroy-Medium.ttf in Resources */,
			);
			runOnlyForDeploymentPostprocessing = 0;
		};
/* End PBXResourcesBuildPhase section */

/* Begin PBXSourcesBuildPhase section */
		37A0ACEB27A8694100578290 /* Sources */ = {
			isa = PBXSourcesBuildPhase;
			buildActionMask = 2147483647;
			files = (
				3743FC5527B1523A0043B2A2 /* KeyboardEnabledState.swift in Sources */,
				37A0ACF527A8694100578290 /* ContentView.swift in Sources */,
				3743FC5727B158AD0043B2A2 /* FavoriteEmoji.swift in Sources */,
				37A0ACF327A8694100578290 /* Finale_KeyboardApp.swift in Sources */,
			);
			runOnlyForDeploymentPostprocessing = 0;
		};
		37A0AD0027A869BA00578290 /* Sources */ = {
			isa = PBXSourcesBuildPhase;
			buildActionMask = 2147483647;
			files = (
				37A0AD1327A88AAA00578290 /* UIExtensions.swift in Sources */,
				371F496827ADA92F00686BC7 /* EmojiView.swift in Sources */,
				37A0AD0727A869BA00578290 /* KeyboardViewController.swift in Sources */,
				37B5B99A27A9751000601AB1 /* KeyboardButton.swift in Sources */,
				3720638827AB2CAF00964120 /* Locales.swift in Sources */,
			);
			runOnlyForDeploymentPostprocessing = 0;
		};
/* End PBXSourcesBuildPhase section */

/* Begin PBXTargetDependency section */
		37A0AD0A27A869BA00578290 /* PBXTargetDependency */ = {
			isa = PBXTargetDependency;
			target = 37A0AD0327A869BA00578290 /* Keyboard */;
			targetProxy = 37A0AD0927A869BA00578290 /* PBXContainerItemProxy */;
		};
/* End PBXTargetDependency section */

/* Begin XCBuildConfiguration section */
		37A0ACFB27A8694200578290 /* Debug */ = {
			isa = XCBuildConfiguration;
			buildSettings = {
				ALWAYS_SEARCH_USER_PATHS = NO;
				CLANG_ANALYZER_NONNULL = YES;
				CLANG_ANALYZER_NUMBER_OBJECT_CONVERSION = YES_AGGRESSIVE;
				CLANG_CXX_LANGUAGE_STANDARD = "gnu++17";
				CLANG_CXX_LIBRARY = "libc++";
				CLANG_ENABLE_MODULES = YES;
				CLANG_ENABLE_OBJC_ARC = YES;
				CLANG_ENABLE_OBJC_WEAK = YES;
				CLANG_WARN_BLOCK_CAPTURE_AUTORELEASING = YES;
				CLANG_WARN_BOOL_CONVERSION = YES;
				CLANG_WARN_COMMA = YES;
				CLANG_WARN_CONSTANT_CONVERSION = YES;
				CLANG_WARN_DEPRECATED_OBJC_IMPLEMENTATIONS = YES;
				CLANG_WARN_DIRECT_OBJC_ISA_USAGE = YES_ERROR;
				CLANG_WARN_DOCUMENTATION_COMMENTS = YES;
				CLANG_WARN_EMPTY_BODY = YES;
				CLANG_WARN_ENUM_CONVERSION = YES;
				CLANG_WARN_INFINITE_RECURSION = YES;
				CLANG_WARN_INT_CONVERSION = YES;
				CLANG_WARN_NON_LITERAL_NULL_CONVERSION = YES;
				CLANG_WARN_OBJC_IMPLICIT_RETAIN_SELF = YES;
				CLANG_WARN_OBJC_LITERAL_CONVERSION = YES;
				CLANG_WARN_OBJC_ROOT_CLASS = YES_ERROR;
				CLANG_WARN_QUOTED_INCLUDE_IN_FRAMEWORK_HEADER = YES;
				CLANG_WARN_RANGE_LOOP_ANALYSIS = YES;
				CLANG_WARN_STRICT_PROTOTYPES = YES;
				CLANG_WARN_SUSPICIOUS_MOVE = YES;
				CLANG_WARN_UNGUARDED_AVAILABILITY = YES_AGGRESSIVE;
				CLANG_WARN_UNREACHABLE_CODE = YES;
				CLANG_WARN__DUPLICATE_METHOD_MATCH = YES;
				COPY_PHASE_STRIP = NO;
				DEBUG_INFORMATION_FORMAT = dwarf;
				ENABLE_STRICT_OBJC_MSGSEND = YES;
				ENABLE_TESTABILITY = YES;
				GCC_C_LANGUAGE_STANDARD = gnu11;
				GCC_DYNAMIC_NO_PIC = NO;
				GCC_NO_COMMON_BLOCKS = YES;
				GCC_OPTIMIZATION_LEVEL = 0;
				GCC_PREPROCESSOR_DEFINITIONS = (
					"DEBUG=1",
					"$(inherited)",
				);
				GCC_WARN_64_TO_32_BIT_CONVERSION = YES;
				GCC_WARN_ABOUT_RETURN_TYPE = YES_ERROR;
				GCC_WARN_UNDECLARED_SELECTOR = YES;
				GCC_WARN_UNINITIALIZED_AUTOS = YES_AGGRESSIVE;
				GCC_WARN_UNUSED_FUNCTION = YES;
				GCC_WARN_UNUSED_VARIABLE = YES;
				IPHONEOS_DEPLOYMENT_TARGET = 15.2;
				MTL_ENABLE_DEBUG_INFO = INCLUDE_SOURCE;
				MTL_FAST_MATH = YES;
				ONLY_ACTIVE_ARCH = YES;
				SDKROOT = iphoneos;
				SWIFT_ACTIVE_COMPILATION_CONDITIONS = DEBUG;
				SWIFT_OPTIMIZATION_LEVEL = "-Onone";
			};
			name = Debug;
		};
		37A0ACFC27A8694200578290 /* Release */ = {
			isa = XCBuildConfiguration;
			buildSettings = {
				ALWAYS_SEARCH_USER_PATHS = NO;
				CLANG_ANALYZER_NONNULL = YES;
				CLANG_ANALYZER_NUMBER_OBJECT_CONVERSION = YES_AGGRESSIVE;
				CLANG_CXX_LANGUAGE_STANDARD = "gnu++17";
				CLANG_CXX_LIBRARY = "libc++";
				CLANG_ENABLE_MODULES = YES;
				CLANG_ENABLE_OBJC_ARC = YES;
				CLANG_ENABLE_OBJC_WEAK = YES;
				CLANG_WARN_BLOCK_CAPTURE_AUTORELEASING = YES;
				CLANG_WARN_BOOL_CONVERSION = YES;
				CLANG_WARN_COMMA = YES;
				CLANG_WARN_CONSTANT_CONVERSION = YES;
				CLANG_WARN_DEPRECATED_OBJC_IMPLEMENTATIONS = YES;
				CLANG_WARN_DIRECT_OBJC_ISA_USAGE = YES_ERROR;
				CLANG_WARN_DOCUMENTATION_COMMENTS = YES;
				CLANG_WARN_EMPTY_BODY = YES;
				CLANG_WARN_ENUM_CONVERSION = YES;
				CLANG_WARN_INFINITE_RECURSION = YES;
				CLANG_WARN_INT_CONVERSION = YES;
				CLANG_WARN_NON_LITERAL_NULL_CONVERSION = YES;
				CLANG_WARN_OBJC_IMPLICIT_RETAIN_SELF = YES;
				CLANG_WARN_OBJC_LITERAL_CONVERSION = YES;
				CLANG_WARN_OBJC_ROOT_CLASS = YES_ERROR;
				CLANG_WARN_QUOTED_INCLUDE_IN_FRAMEWORK_HEADER = YES;
				CLANG_WARN_RANGE_LOOP_ANALYSIS = YES;
				CLANG_WARN_STRICT_PROTOTYPES = YES;
				CLANG_WARN_SUSPICIOUS_MOVE = YES;
				CLANG_WARN_UNGUARDED_AVAILABILITY = YES_AGGRESSIVE;
				CLANG_WARN_UNREACHABLE_CODE = YES;
				CLANG_WARN__DUPLICATE_METHOD_MATCH = YES;
				COPY_PHASE_STRIP = NO;
				DEBUG_INFORMATION_FORMAT = "dwarf-with-dsym";
				ENABLE_NS_ASSERTIONS = NO;
				ENABLE_STRICT_OBJC_MSGSEND = YES;
				GCC_C_LANGUAGE_STANDARD = gnu11;
				GCC_NO_COMMON_BLOCKS = YES;
				GCC_WARN_64_TO_32_BIT_CONVERSION = YES;
				GCC_WARN_ABOUT_RETURN_TYPE = YES_ERROR;
				GCC_WARN_UNDECLARED_SELECTOR = YES;
				GCC_WARN_UNINITIALIZED_AUTOS = YES_AGGRESSIVE;
				GCC_WARN_UNUSED_FUNCTION = YES;
				GCC_WARN_UNUSED_VARIABLE = YES;
				IPHONEOS_DEPLOYMENT_TARGET = 15.2;
				MTL_ENABLE_DEBUG_INFO = NO;
				MTL_FAST_MATH = YES;
				SDKROOT = iphoneos;
				SWIFT_COMPILATION_MODE = wholemodule;
				SWIFT_OPTIMIZATION_LEVEL = "-O";
				VALIDATE_PRODUCT = YES;
			};
			name = Release;
		};
		37A0ACFE27A8694200578290 /* Debug */ = {
			isa = XCBuildConfiguration;
			buildSettings = {
				ALWAYS_EMBED_SWIFT_STANDARD_LIBRARIES = YES;
				ASSETCATALOG_COMPILER_APPICON_NAME = AppIcon;
				ASSETCATALOG_COMPILER_GLOBAL_ACCENT_COLOR_NAME = AccentColor;
				CODE_SIGN_ENTITLEMENTS = "Finale Keyboard/Finale Keyboard.entitlements";
				CODE_SIGN_STYLE = Automatic;
				CURRENT_PROJECT_VERSION = 1;
				DEVELOPMENT_ASSET_PATHS = "\"Finale Keyboard/Preview Content\"";
				DEVELOPMENT_TEAM = AYPPAXMRMG;
				ENABLE_PREVIEWS = YES;
				GENERATE_INFOPLIST_FILE = YES;
				INFOPLIST_KEY_UIApplicationSceneManifest_Generation = YES;
				INFOPLIST_KEY_UIApplicationSupportsIndirectInputEvents = YES;
				INFOPLIST_KEY_UILaunchScreen_Generation = YES;
				INFOPLIST_KEY_UISupportedInterfaceOrientations_iPad = "UIInterfaceOrientationPortrait UIInterfaceOrientationPortraitUpsideDown UIInterfaceOrientationLandscapeLeft UIInterfaceOrientationLandscapeRight";
				INFOPLIST_KEY_UISupportedInterfaceOrientations_iPhone = "UIInterfaceOrientationPortrait UIInterfaceOrientationLandscapeLeft UIInterfaceOrientationLandscapeRight";
				LD_RUNPATH_SEARCH_PATHS = (
					"$(inherited)",
					"@executable_path/Frameworks",
				);
				MARKETING_VERSION = 1.0;
				PRODUCT_BUNDLE_IDENTIFIER = "com.Grant151.Finale-Keyboard";
				PRODUCT_NAME = "$(TARGET_NAME)";
				SWIFT_EMIT_LOC_STRINGS = YES;
				SWIFT_VERSION = 5.0;
				TARGETED_DEVICE_FAMILY = 1;
			};
			name = Debug;
		};
		37A0ACFF27A8694200578290 /* Release */ = {
			isa = XCBuildConfiguration;
			buildSettings = {
				ALWAYS_EMBED_SWIFT_STANDARD_LIBRARIES = YES;
				ASSETCATALOG_COMPILER_APPICON_NAME = AppIcon;
				ASSETCATALOG_COMPILER_GLOBAL_ACCENT_COLOR_NAME = AccentColor;
				CODE_SIGN_ENTITLEMENTS = "Finale Keyboard/Finale Keyboard.entitlements";
				CODE_SIGN_STYLE = Automatic;
				CURRENT_PROJECT_VERSION = 1;
				DEVELOPMENT_ASSET_PATHS = "\"Finale Keyboard/Preview Content\"";
				DEVELOPMENT_TEAM = AYPPAXMRMG;
				ENABLE_PREVIEWS = YES;
				GENERATE_INFOPLIST_FILE = YES;
				INFOPLIST_KEY_UIApplicationSceneManifest_Generation = YES;
				INFOPLIST_KEY_UIApplicationSupportsIndirectInputEvents = YES;
				INFOPLIST_KEY_UILaunchScreen_Generation = YES;
				INFOPLIST_KEY_UISupportedInterfaceOrientations_iPad = "UIInterfaceOrientationPortrait UIInterfaceOrientationPortraitUpsideDown UIInterfaceOrientationLandscapeLeft UIInterfaceOrientationLandscapeRight";
				INFOPLIST_KEY_UISupportedInterfaceOrientations_iPhone = "UIInterfaceOrientationPortrait UIInterfaceOrientationLandscapeLeft UIInterfaceOrientationLandscapeRight";
				LD_RUNPATH_SEARCH_PATHS = (
					"$(inherited)",
					"@executable_path/Frameworks",
				);
				MARKETING_VERSION = 1.0;
				PRODUCT_BUNDLE_IDENTIFIER = "com.Grant151.Finale-Keyboard";
				PRODUCT_NAME = "$(TARGET_NAME)";
				SWIFT_EMIT_LOC_STRINGS = YES;
				SWIFT_VERSION = 5.0;
				TARGETED_DEVICE_FAMILY = 1;
			};
			name = Release;
		};
		37A0AD0D27A869BA00578290 /* Debug */ = {
			isa = XCBuildConfiguration;
			buildSettings = {
				CODE_SIGN_ENTITLEMENTS = Keyboard/Keyboard.entitlements;
				CODE_SIGN_STYLE = Automatic;
				CURRENT_PROJECT_VERSION = 1;
				DEVELOPMENT_TEAM = AYPPAXMRMG;
				GENERATE_INFOPLIST_FILE = YES;
				INFOPLIST_FILE = Keyboard/Info.plist;
				INFOPLIST_KEY_CFBundleDisplayName = Finale;
				INFOPLIST_KEY_NSHumanReadableCopyright = "";
				LD_RUNPATH_SEARCH_PATHS = (
					"$(inherited)",
					"@executable_path/Frameworks",
					"@executable_path/../../Frameworks",
				);
				MARKETING_VERSION = 1.0;
				PRODUCT_BUNDLE_IDENTIFIER = "com.Grant151.Finale-Keyboard.Keyboard";
				PRODUCT_NAME = "$(TARGET_NAME)";
				SKIP_INSTALL = YES;
				SWIFT_EMIT_LOC_STRINGS = YES;
				SWIFT_VERSION = 5.0;
				TARGETED_DEVICE_FAMILY = 1;
			};
			name = Debug;
		};
		37A0AD0E27A869BA00578290 /* Release */ = {
			isa = XCBuildConfiguration;
			buildSettings = {
				CODE_SIGN_ENTITLEMENTS = Keyboard/Keyboard.entitlements;
				CODE_SIGN_STYLE = Automatic;
				CURRENT_PROJECT_VERSION = 1;
				DEVELOPMENT_TEAM = AYPPAXMRMG;
				GENERATE_INFOPLIST_FILE = YES;
				INFOPLIST_FILE = Keyboard/Info.plist;
				INFOPLIST_KEY_CFBundleDisplayName = Finale;
				INFOPLIST_KEY_NSHumanReadableCopyright = "";
				LD_RUNPATH_SEARCH_PATHS = (
					"$(inherited)",
					"@executable_path/Frameworks",
					"@executable_path/../../Frameworks",
				);
				MARKETING_VERSION = 1.0;
				PRODUCT_BUNDLE_IDENTIFIER = "com.Grant151.Finale-Keyboard.Keyboard";
				PRODUCT_NAME = "$(TARGET_NAME)";
				SKIP_INSTALL = YES;
				SWIFT_EMIT_LOC_STRINGS = YES;
				SWIFT_VERSION = 5.0;
				TARGETED_DEVICE_FAMILY = 1;
			};
			name = Release;
		};
/* End XCBuildConfiguration section */

/* Begin XCConfigurationList section */
		37A0ACEA27A8694100578290 /* Build configuration list for PBXProject "Finale Keyboard" */ = {
			isa = XCConfigurationList;
			buildConfigurations = (
				37A0ACFB27A8694200578290 /* Debug */,
				37A0ACFC27A8694200578290 /* Release */,
			);
			defaultConfigurationIsVisible = 0;
			defaultConfigurationName = Release;
		};
		37A0ACFD27A8694200578290 /* Build configuration list for PBXNativeTarget "Finale Keyboard" */ = {
			isa = XCConfigurationList;
			buildConfigurations = (
				37A0ACFE27A8694200578290 /* Debug */,
				37A0ACFF27A8694200578290 /* Release */,
			);
			defaultConfigurationIsVisible = 0;
			defaultConfigurationName = Release;
		};
		37A0AD0C27A869BA00578290 /* Build configuration list for PBXNativeTarget "Keyboard" */ = {
			isa = XCConfigurationList;
			buildConfigurations = (
				37A0AD0D27A869BA00578290 /* Debug */,
				37A0AD0E27A869BA00578290 /* Release */,
			);
			defaultConfigurationIsVisible = 0;
			defaultConfigurationName = Release;
		};
/* End XCConfigurationList section */
	};
	rootObject = 37A0ACE727A8694100578290 /* Project object */;
}
