{
  "pins" : [
    {
      "identity" : "elegant-emoji-picker",
      "kind" : "remoteSourceControl",
      "location" : "https://github.com/Finalet/Elegant-Emoji-Picker",
      "state" : {
        "branch" : "main",
        "revision" : "2607bb2a2ed354617316ff8edf07e5d6f682a85f"
      }
    }
  ],
  "version" : 2
}
