{
  "pins" : [
    {
      "identity" : "elegant-emoji-picker",
      "kind" : "remoteSourceControl",
      "location" : "https://github.com/Finalet/Elegant-Emoji-Picker",
      "state" : {
        "branch" : "main",
        "revision" : "e7230cbc65b397ab3bb757e92d45253b9b4ec217"
      }
    }
  ],
  "version" : 2
}
