{
  "pins" : [
    {
      "identity" : "elegant-emoji-picker",
      "kind" : "remoteSourceControl",
      "location" : "https://github.com/Finalet/Elegant-Emoji-Picker",
      "state" : {
        "branch" : "main",
        "revision" : "a677be2e8cf7ea727162ef8432c536b7a5a1e17f"
      }
    }
  ],
  "version" : 2
}
